{
  "lockfile_version": "1",
  "packages": {
    "bats@1.11.1": {
      "last_modified": "2025-03-13T11:38:39Z",
      "resolved": "github:NixOS/nixpkgs/573c650e8a14b2faa0041645ab18aed7e60f0c9a#bats",
      "source": "devbox-search",
      "version": "1.11.1",
      "systems": {
        "aarch64-darwin": {
          "outputs": [
            {
              "name": "out",
              "path": "/nix/store/xiqw78c7byr3k987al1gxwxrxjcyf9kr-bats-1.11.1",
              "default": true
            }
          ],
          "store_path": "/nix/store/xiqw78c7byr3k987al1gxwxrxjcyf9kr-bats-1.11.1"
        },
        "aarch64-linux": {
          "outputs": [
            {
              "name": "out",
              "path": "/nix/store/xcyw4lvz8ckdbzba2hd0hh1hl0vn0pvk-bats-1.11.1",
              "default": true
            }
          ],
          "store_path": "/nix/store/xcyw4lvz8ckdbzba2hd0hh1hl0vn0pvk-bats-1.11.1"
        },
        "x86_64-darwin": {
          "outputs": [
            {
              "name": "out",
              "path": "/nix/store/dgjphsc85byp8s89y7jacfclk331pz95-bats-1.11.1",
              "default": true
            }
          ],
          "store_path": "/nix/store/dgjphsc85byp8s89y7jacfclk331pz95-bats-1.11.1"
        },
        "x86_64-linux": {
          "outputs": [
            {
              "name": "out",
              "path": "/nix/store/ipw9sbca8a7cljrzl4agq0prsjdlj8vr-bats-1.11.1",
              "default": true
            }
          ],
          "store_path": "/nix/store/ipw9sbca8a7cljrzl4agq0prsjdlj8vr-bats-1.11.1"
        }
      }
    },
    "github:NixOS/nixpkgs/nixpkgs-unstable": {
      "resolved": "github:NixOS/nixpkgs/3549532663732bfd89993204d40543e9edaec4f2?lastModified=1742272065&narHash=sha256-ud8vcSzJsZ%2FCK%2Br8%2Fv0lyf4yUntVmDq6Z0A41ODfWbE%3D"
    },
    "go@1.23.7": {
      "last_modified": "2025-03-11T17:52:14Z",
      "resolved": "github:NixOS/nixpkgs/0d534853a55b5d02a4ababa1d71921ce8f0aee4c#go_1_23",
      "source": "devbox-search",
      "version": "1.23.7",
      "systems": {
        "aarch64-darwin": {
          "outputs": [
            {
              "name": "out",
              "path": "/nix/store/pmgial79wq49zriy1y6dc19qdrjqyv8g-go-1.23.7",
              "default": true
            }
          ],
          "store_path": "/nix/store/pmgial79wq49zriy1y6dc19qdrjqyv8g-go-1.23.7"
        },
        "aarch64-linux": {
          "outputs": [
            {
              "name": "out",
              "path": "/nix/store/qlklf8pp44ykx63xaryj6apbnw036rm9-go-1.23.7",
              "default": true
            }
          ],
          "store_path": "/nix/store/qlklf8pp44ykx63xaryj6apbnw036rm9-go-1.23.7"
        },
        "x86_64-darwin": {
          "outputs": [
            {
              "name": "out",
              "path": "/nix/store/mcajc7fgnbyzq4845sk4m3h6gc99vzzc-go-1.23.7",
              "default": true
            }
          ],
          "store_path": "/nix/store/mcajc7fgnbyzq4845sk4m3h6gc99vzzc-go-1.23.7"
        },
        "x86_64-linux": {
          "outputs": [
            {
              "name": "out",
              "path": "/nix/store/valwknmr0qzxq70h4ijm9w1jvgc3grsp-go-1.23.7",
              "default": true
            }
          ],
          "store_path": "/nix/store/valwknmr0qzxq70h4ijm9w1jvgc3grsp-go-1.23.7"
        }
      }
    },
    "golangci-lint@1.63.4": {
      "last_modified": "2025-02-07T11:26:36Z",
      "resolved": "github:NixOS/nixpkgs/d98abf5cf5914e5e4e9d57205e3af55ca90ffc1d#golangci-lint",
      "source": "devbox-search",
      "version": "1.63.4",
      "systems": {
        "aarch64-darwin": {
          "outputs": [
            {
              "name": "out",
              "path": "/nix/store/mhd101l8p4cim0ac7w6g5q0vd44zjl6b-golangci-lint-1.63.4",
              "default": true
            }
          ],
          "store_path": "/nix/store/mhd101l8p4cim0ac7w6g5q0vd44zjl6b-golangci-lint-1.63.4"
        },
        "aarch64-linux": {
          "outputs": [
            {
              "name": "out",
              "path": "/nix/store/nnkfa1x72m7g0z6anjqyzlich6x58ywj-golangci-lint-1.63.4",
              "default": true
            }
          ],
          "store_path": "/nix/store/nnkfa1x72m7g0z6anjqyzlich6x58ywj-golangci-lint-1.63.4"
        },
        "x86_64-darwin": {
          "outputs": [
            {
              "name": "out",
              "path": "/nix/store/gpf1pmzzkr12ibzqz3hqrw2hbzqkggcl-golangci-lint-1.63.4",
              "default": true
            }
          ],
          "store_path": "/nix/store/gpf1pmzzkr12ibzqz3hqrw2hbzqkggcl-golangci-lint-1.63.4"
        },
        "x86_64-linux": {
          "outputs": [
            {
              "name": "out",
              "path": "/nix/store/jdqir4ijb6msmlwxzg0zbv8aiiizj6fv-golangci-lint-1.63.4",
              "default": true
            }
          ],
          "store_path": "/nix/store/jdqir4ijb6msmlwxzg0zbv8aiiizj6fv-golangci-lint-1.63.4"
        }
      }
    },
    "goreleaser@2.8.0": {
      "last_modified": "2025-03-16T16:17:41Z",
      "resolved": "github:NixOS/nixpkgs/8f76cf16b17c51ae0cc8e55488069593f6dab645#goreleaser",
      "source": "devbox-search",
      "version": "2.8.0",
      "systems": {
        "aarch64-darwin": {
          "outputs": [
            {
              "name": "out",
              "path": "/nix/store/r8gkyn9gvzdw1bxhas05qipx3cvjvb5k-goreleaser-2.8.0",
              "default": true
            }
          ],
          "store_path": "/nix/store/r8gkyn9gvzdw1bxhas05qipx3cvjvb5k-goreleaser-2.8.0"
        },
        "aarch64-linux": {
          "outputs": [
            {
              "name": "out",
              "path": "/nix/store/sssbsl74vxy8bnyn3k93fcx10q9zxrxr-goreleaser-2.8.0",
              "default": true
            }
          ],
          "store_path": "/nix/store/sssbsl74vxy8bnyn3k93fcx10q9zxrxr-goreleaser-2.8.0"
        },
        "x86_64-darwin": {
          "outputs": [
            {
              "name": "out",
              "path": "/nix/store/mc6998ik7d8riygr5lpwcwj22rqviadw-goreleaser-2.8.0",
              "default": true
            }
          ],
          "store_path": "/nix/store/mc6998ik7d8riygr5lpwcwj22rqviadw-goreleaser-2.8.0"
        },
        "x86_64-linux": {
          "outputs": [
            {
              "name": "out",
              "path": "/nix/store/ag1ca4kgj4mzclfcyr8zg9n2pk03b5wr-goreleaser-2.8.0",
              "default": true
            }
          ],
          "store_path": "/nix/store/ag1ca4kgj4mzclfcyr8zg9n2pk03b5wr-goreleaser-2.8.0"
        }
      }
    },
    "shellcheck@0.10.0": {
      "last_modified": "2025-02-23T09:42:26Z",
      "resolved": "github:NixOS/nixpkgs/2d068ae5c6516b2d04562de50a58c682540de9bf#shellcheck",
      "source": "devbox-search",
      "version": "0.10.0",
      "systems": {
        "aarch64-darwin": {
          "outputs": [
            {
              "name": "bin",
              "path": "/nix/store/325gxaqj2jf8is7bl9l76xrg4lshm72f-shellcheck-0.10.0-bin",
              "default": true
            },
            {
              "name": "man",
              "path": "/nix/store/g62azyf0p9xj0d9j90dr7yhasbdnm7dk-shellcheck-0.10.0-man",
              "default": true
            },
            {
              "name": "doc",
              "path": "/nix/store/rjln13sbb4g1i6izlymwdj0ns5mlkdk9-shellcheck-0.10.0-doc",
              "default": true
            },
            {
              "name": "out",
              "path": "/nix/store/ch4cq7jdr08fm5anfwj9jr559v8lq5i2-shellcheck-0.10.0"
            }
          ],
          "store_path": "/nix/store/325gxaqj2jf8is7bl9l76xrg4lshm72f-shellcheck-0.10.0-bin"
        },
        "aarch64-linux": {
          "outputs": [
            {
              "name": "bin",
              "path": "/nix/store/yb6v9wm9d42xdgjw7s2vn4iv0p0qvd05-shellcheck-0.10.0-bin",
              "default": true
            },
            {
              "name": "man",
              "path": "/nix/store/q7fiw7hvhmnirv6c925sscwc4984rwf3-shellcheck-0.10.0-man",
              "default": true
            },
            {
              "name": "doc",
              "path": "/nix/store/hk2vyk916nadycvfwa1m1y70lrh218jl-shellcheck-0.10.0-doc",
              "default": true
            },
            {
              "name": "out",
              "path": "/nix/store/7jm454lj1y0cy90a843wj82ywr5fxmg5-shellcheck-0.10.0"
            }
          ],
          "store_path": "/nix/store/yb6v9wm9d42xdgjw7s2vn4iv0p0qvd05-shellcheck-0.10.0-bin"
        },
        "x86_64-darwin": {
          "outputs": [
            {
              "name": "bin",
              "path": "/nix/store/k17i8v7crc5hv7lzi490hjg40rc1xmvz-shellcheck-0.10.0-bin",
              "default": true
            },
            {
              "name": "man",
              "path": "/nix/store/cim6ifqys4d38wqx71gkiw9s7wm3m0vh-shellcheck-0.10.0-man",
              "default": true
            },
            {
              "name": "doc",
              "path": "/nix/store/hc649lnlbbwzy50kg81ib3h0bwadv70w-shellcheck-0.10.0-doc",
              "default": true
            },
            {
              "name": "out",
              "path": "/nix/store/vxih59dn7w40cny8v5r28ca5g8kmahvl-shellcheck-0.10.0"
            }
          ],
          "store_path": "/nix/store/k17i8v7crc5hv7lzi490hjg40rc1xmvz-shellcheck-0.10.0-bin"
        },
        "x86_64-linux": {
          "outputs": [
            {
              "name": "bin",
              "path": "/nix/store/zpsn5p7h5bkp6x8dwvlipgrqp9y57q7r-shellcheck-0.10.0-bin",
              "default": true
            },
            {
              "name": "man",
              "path": "/nix/store/div4481mhzjf4278aqv6bv3zcd0ms9q7-shellcheck-0.10.0-man",
              "default": true
            },
            {
              "name": "doc",
              "path": "/nix/store/nncljxvssag7w1krwbsl0yf8csvdy3y5-shellcheck-0.10.0-doc",
              "default": true
            },
            {
              "name": "out",
              "path": "/nix/store/7rs2gic77z9hjp5ssxf4vlwfqxq4qww6-shellcheck-0.10.0"
            }
          ],
          "store_path": "/nix/store/zpsn5p7h5bkp6x8dwvlipgrqp9y57q7r-shellcheck-0.10.0-bin"
        }
      }
    }
  }
}
