{
  "lockfile_version": "1",
  "packages": {
    "bats@1.11.1": {
      "last_modified": "2025-05-19T23:16:24Z",
      "resolved": "github:NixOS/nixpkgs/359c442b7d1f6229c1dc978116d32d6c07fe8440#bats",
      "source": "devbox-search",
      "version": "1.11.1",
      "systems": {
        "aarch64-darwin": {
          "outputs": [
            {
              "name": "out",
              "path": "/nix/store/ffaqbcz3lx4hv70cpl3zw8905asf0wk0-bats-1.11.1",
              "default": true
            }
          ],
          "store_path": "/nix/store/ffaqbcz3lx4hv70cpl3zw8905asf0wk0-bats-1.11.1"
        },
        "aarch64-linux": {
          "outputs": [
            {
              "name": "out",
              "path": "/nix/store/rmrd2ix70l5dfyl8y0fqlc81577k16mh-bats-1.11.1",
              "default": true
            }
          ],
          "store_path": "/nix/store/rmrd2ix70l5dfyl8y0fqlc81577k16mh-bats-1.11.1"
        },
        "x86_64-darwin": {
          "outputs": [
            {
              "name": "out",
              "path": "/nix/store/dshgcgrx60nwam2wcmnbfq597vcp6j68-bats-1.11.1",
              "default": true
            }
          ],
          "store_path": "/nix/store/dshgcgrx60nwam2wcmnbfq597vcp6j68-bats-1.11.1"
        },
        "x86_64-linux": {
          "outputs": [
            {
              "name": "out",
              "path": "/nix/store/pfm41aj6rik9223yd28g4z5vb0d6pkzk-bats-1.11.1",
              "default": true
            }
          ],
          "store_path": "/nix/store/pfm41aj6rik9223yd28g4z5vb0d6pkzk-bats-1.11.1"
        }
      }
    },
    "github:NixOS/nixpkgs/nixpkgs-unstable": {
      "last_modified": "2025-06-06T12:35:49Z",
      "resolved": "github:NixOS/nixpkgs/a4ff0e3c64846abea89662bfbacf037ef4b34207?lastModified=1749213349&narHash=sha256-UAaWOyQhdp7nXzsbmLVC67fo%2BQetzoTm9hsPf9X3yr4%3D"
    },
    "go@1.23.9": {
      "last_modified": "2025-05-16T20:19:48Z",
      "resolved": "github:NixOS/nixpkgs/12a55407652e04dcf2309436eb06fef0d3713ef3#go_1_23",
      "source": "devbox-search",
      "version": "1.23.9",
      "systems": {
        "aarch64-darwin": {
          "outputs": [
            {
              "name": "out",
              "path": "/nix/store/q8qj75chj5s366bmkiyd99gf7hnxh106-go-1.23.9",
              "default": true
            }
          ],
          "store_path": "/nix/store/q8qj75chj5s366bmkiyd99gf7hnxh106-go-1.23.9"
        },
        "aarch64-linux": {
          "outputs": [
            {
              "name": "out",
              "path": "/nix/store/81cbh4rdnyk7mf46a66z2dgkr7nfg4jg-go-1.23.9",
              "default": true
            }
          ],
          "store_path": "/nix/store/81cbh4rdnyk7mf46a66z2dgkr7nfg4jg-go-1.23.9"
        },
        "x86_64-darwin": {
          "outputs": [
            {
              "name": "out",
              "path": "/nix/store/hdy31n0wzq37an87v9p51xvl5rnlrkpk-go-1.23.9",
              "default": true
            }
          ],
          "store_path": "/nix/store/hdy31n0wzq37an87v9p51xvl5rnlrkpk-go-1.23.9"
        },
        "x86_64-linux": {
          "outputs": [
            {
              "name": "out",
              "path": "/nix/store/fd7c2wlqwdzz3x0amhaairhhd2j2vl0s-go-1.23.9",
              "default": true
            }
          ],
          "store_path": "/nix/store/fd7c2wlqwdzz3x0amhaairhhd2j2vl0s-go-1.23.9"
        }
      }
    },
    "golangci-lint@1.64.7": {
      "last_modified": "2025-03-16T16:17:41Z",
      "resolved": "github:NixOS/nixpkgs/8f76cf16b17c51ae0cc8e55488069593f6dab645#golangci-lint",
      "source": "devbox-search",
      "version": "1.64.7",
      "systems": {
        "aarch64-darwin": {
          "outputs": [
            {
              "name": "out",
              "path": "/nix/store/34x05rpqww3l30wfnx2c5lg2j79kfjjw-golangci-lint-1.64.7",
              "default": true
            }
          ],
          "store_path": "/nix/store/34x05rpqww3l30wfnx2c5lg2j79kfjjw-golangci-lint-1.64.7"
        },
        "aarch64-linux": {
          "outputs": [
            {
              "name": "out",
              "path": "/nix/store/bgqlln3xcjb5nxvvygd7ss7xmwyd3wqa-golangci-lint-1.64.7",
              "default": true
            }
          ],
          "store_path": "/nix/store/bgqlln3xcjb5nxvvygd7ss7xmwyd3wqa-golangci-lint-1.64.7"
        },
        "x86_64-darwin": {
          "outputs": [
            {
              "name": "out",
              "path": "/nix/store/hff316fcclip9cwdjppcakx5fy83v7sj-golangci-lint-1.64.7",
              "default": true
            }
          ],
          "store_path": "/nix/store/hff316fcclip9cwdjppcakx5fy83v7sj-golangci-lint-1.64.7"
        },
        "x86_64-linux": {
          "outputs": [
            {
              "name": "out",
              "path": "/nix/store/vdq0ixi31wm5ypfv2wbpn5p95ahr9cf8-golangci-lint-1.64.7",
              "default": true
            }
          ],
          "store_path": "/nix/store/vdq0ixi31wm5ypfv2wbpn5p95ahr9cf8-golangci-lint-1.64.7"
        }
      }
    },
    "goreleaser@2.9.0": {
      "last_modified": "2025-05-16T20:19:48Z",
      "resolved": "github:NixOS/nixpkgs/12a55407652e04dcf2309436eb06fef0d3713ef3#goreleaser",
      "source": "devbox-search",
      "version": "2.9.0",
      "systems": {
        "aarch64-darwin": {
          "outputs": [
            {
              "name": "out",
              "path": "/nix/store/lqihz0f2h9zjqlhk74cayb9l74zgkxj2-goreleaser-2.9.0",
              "default": true
            }
          ],
          "store_path": "/nix/store/lqihz0f2h9zjqlhk74cayb9l74zgkxj2-goreleaser-2.9.0"
        },
        "aarch64-linux": {
          "outputs": [
            {
              "name": "out",
              "path": "/nix/store/wg1ndxx3hq7lcxg0nkzgs3myrflr5jm0-goreleaser-2.9.0",
              "default": true
            }
          ],
          "store_path": "/nix/store/wg1ndxx3hq7lcxg0nkzgs3myrflr5jm0-goreleaser-2.9.0"
        },
        "x86_64-darwin": {
          "outputs": [
            {
              "name": "out",
              "path": "/nix/store/v17lq7ap19pajdhp04n4b7p4y5f2mxrr-goreleaser-2.9.0",
              "default": true
            }
          ],
          "store_path": "/nix/store/v17lq7ap19pajdhp04n4b7p4y5f2mxrr-goreleaser-2.9.0"
        },
        "x86_64-linux": {
          "outputs": [
            {
              "name": "out",
              "path": "/nix/store/rvjwgy6zz5qwipcm709jvf3j38r552nw-goreleaser-2.9.0",
              "default": true
            }
          ],
          "store_path": "/nix/store/rvjwgy6zz5qwipcm709jvf3j38r552nw-goreleaser-2.9.0"
        }
      }
    },
    "shellcheck@0.10.0": {
      "last_modified": "2025-05-16T20:19:48Z",
      "resolved": "github:NixOS/nixpkgs/12a55407652e04dcf2309436eb06fef0d3713ef3#shellcheck",
      "source": "devbox-search",
      "version": "0.10.0",
      "systems": {
        "aarch64-darwin": {
          "outputs": [
            {
              "name": "bin",
              "path": "/nix/store/4l7lf05gw9l0l84sssaxkwqb6arkx652-shellcheck-0.10.0-bin",
              "default": true
            },
            {
              "name": "man",
              "path": "/nix/store/f0fscjx6xa6kbczhav1bh0vq3w2pmwfn-shellcheck-0.10.0-man",
              "default": true
            },
            {
              "name": "doc",
              "path": "/nix/store/mwahkil7jkc2y4y0q3myrkicp366vb82-shellcheck-0.10.0-doc",
              "default": true
            },
            {
              "name": "out",
              "path": "/nix/store/fbj9729m17pdvlinsdqxnd8ddl4iirzm-shellcheck-0.10.0"
            }
          ],
          "store_path": "/nix/store/4l7lf05gw9l0l84sssaxkwqb6arkx652-shellcheck-0.10.0-bin"
        },
        "aarch64-linux": {
          "outputs": [
            {
              "name": "bin",
              "path": "/nix/store/irlalbizkr3bn83g1drmi4p4h4dx16i6-shellcheck-0.10.0-bin",
              "default": true
            },
            {
              "name": "man",
              "path": "/nix/store/zfpypv8l8py55rifk9yhzcis13z4sc5k-shellcheck-0.10.0-man",
              "default": true
            },
            {
              "name": "doc",
              "path": "/nix/store/c3s6fpb28bfm02vbpi9cvxpxyymzmx9n-shellcheck-0.10.0-doc",
              "default": true
            },
            {
              "name": "out",
              "path": "/nix/store/6lgybvih5m2qinh419qzn52q6k4fwf4m-shellcheck-0.10.0"
            }
          ],
          "store_path": "/nix/store/irlalbizkr3bn83g1drmi4p4h4dx16i6-shellcheck-0.10.0-bin"
        },
        "x86_64-darwin": {
          "outputs": [
            {
              "name": "bin",
              "path": "/nix/store/z8v7j4xkwswrx5vc05cfn9yp9sbxfkd2-shellcheck-0.10.0-bin",
              "default": true
            },
            {
              "name": "man",
              "path": "/nix/store/q88aiz7agllcjb8zflwlh23fm2wh431f-shellcheck-0.10.0-man",
              "default": true
            },
            {
              "name": "doc",
              "path": "/nix/store/df107d185wg9kqc03aaq1fcyl2bknjnc-shellcheck-0.10.0-doc",
              "default": true
            },
            {
              "name": "out",
              "path": "/nix/store/wz9qinlsaghahhj2bvlva9lgz3d8g07s-shellcheck-0.10.0"
            }
          ],
          "store_path": "/nix/store/z8v7j4xkwswrx5vc05cfn9yp9sbxfkd2-shellcheck-0.10.0-bin"
        },
        "x86_64-linux": {
          "outputs": [
            {
              "name": "bin",
              "path": "/nix/store/dw5aa0sf40aahg0fbwgfjwhjxnnrmipl-shellcheck-0.10.0-bin",
              "default": true
            },
            {
              "name": "man",
              "path": "/nix/store/6ksvcjrdzxn89ql0059g2hs0nmw0rf5v-shellcheck-0.10.0-man",
              "default": true
            },
            {
              "name": "doc",
              "path": "/nix/store/mfn1kxg9asp4nq4yrcr3niz5kfddaisf-shellcheck-0.10.0-doc",
              "default": true
            },
            {
              "name": "out",
              "path": "/nix/store/gxzk021q0f0h0jqwxiqikl1gkiih7qiq-shellcheck-0.10.0"
            }
          ],
          "store_path": "/nix/store/dw5aa0sf40aahg0fbwgfjwhjxnnrmipl-shellcheck-0.10.0-bin"
        }
      }
    }
  }
}
